
Microsoft Visual Studio Solution File, Format Version 11.00
# Visual Studio 2010
Project("{FAE04EC0-301F-11D3-BF4B-00C04F79EFBC}") = "Udemy_numberWizard", "Assembly-CSharp.csproj", "{282D7187-5A12-676D-765A-635927A2DAC7}"
EndProject
Global
	GlobalSection(SolutionConfigurationPlatforms) = preSolution
		Debug|Any CPU = Debug|Any CPU
		Release|Any CPU = Release|Any CPU
	EndGlobalSection
	GlobalSection(ProjectConfigurationPlatforms) = postSolution
		{282D7187-5A12-676D-765A-635927A2DAC7}.Debug|Any CPU.ActiveCfg = Debug|Any CPU
		{282D7187-5A12-676D-765A-635927A2DAC7}.Debug|Any CPU.Build.0 = Debug|Any CPU
		{282D7187-5A12-676D-765A-635927A2DAC7}.Release|Any CPU.ActiveCfg = Release|Any CPU
		{282D7187-5A12-676D-765A-635927A2DAC7}.Release|Any CPU.Build.0 = Release|Any CPU
	EndGlobalSection
	GlobalSection(SolutionProperties) = preSolution
		HideSolutionNode = FALSE
	EndGlobalSection
	GlobalSection(MonoDevelopProperties) = preSolution
		StartupItem = Assembly-CSharp.csproj
	EndGlobalSection
EndGlobal
